// !$*UTF8*$!
{
	archiveVersion = 1;
	classes = {
	};
	objectVersion = 56;
	objects = {

/* Begin PBXBuildFile section */
		08BEAE1228E0424A002F5FC5 /* AppDelegate.swift in Sources */ = {isa = PBXBuildFile; fileRef = 08BEAE1128E0424A002F5FC5 /* AppDelegate.swift */; };
		08BEAE1428E0424A002F5FC5 /* SceneDelegate.swift in Sources */ = {isa = PBXBuildFile; fileRef = 08BEAE1328E0424A002F5FC5 /* SceneDelegate.swift */; };
		08BEAE1628E0424A002F5FC5 /* ViewController.swift in Sources */ = {isa = PBXBuildFile; fileRef = 08BEAE1528E0424A002F5FC5 /* ViewController.swift */; };
		08BEAE1928E0424A002F5FC5 /* Main.storyboard in Resources */ = {isa = PBXBuildFile; fileRef = 08BEAE1728E0424A002F5FC5 /* Main.storyboard */; };
		08BEAE1C28E0424A002F5FC5 /* rejestr_osobowy.xcdatamodeld in Sources */ = {isa = PBXBuildFile; fileRef = 08BEAE1A28E0424A002F5FC5 /* rejestr_osobowy.xcdatamodeld */; };
		08BEAE1E28E0424B002F5FC5 /* Assets.xcassets in Resources */ = {isa = PBXBuildFile; fileRef = 08BEAE1D28E0424B002F5FC5 /* Assets.xcassets */; };
		08BEAE2128E0424B002F5FC5 /* LaunchScreen.storyboard in Resources */ = {isa = PBXBuildFile; fileRef = 08BEAE1F28E0424B002F5FC5 /* LaunchScreen.storyboard */; };
		08BEAE2928E065C0002F5FC5 /* PersonDataView.swift in Sources */ = {isa = PBXBuildFile; fileRef = 08BEAE2828E065C0002F5FC5 /* PersonDataView.swift */; };
		08DC39BD28E5833E003B5252 /* Extansion.swift in Sources */ = {isa = PBXBuildFile; fileRef = 08DC39BC28E5833E003B5252 /* Extansion.swift */; };
		08DC39BF28E586C4003B5252 /* MessageAlert.swift in Sources */ = {isa = PBXBuildFile; fileRef = 08DC39BE28E586C4003B5252 /* MessageAlert.swift */; };
		08DC39C128E589AC003B5252 /* DatabaseManagement.swift in Sources */ = {isa = PBXBuildFile; fileRef = 08DC39C028E589AC003B5252 /* DatabaseManagement.swift */; };
		08DC39C328E6CFC2003B5252 /* PersonViewCell.swift in Sources */ = {isa = PBXBuildFile; fileRef = 08DC39C228E6CFC2003B5252 /* PersonViewCell.swift */; };
/* End PBXBuildFile section */

/* Begin PBXFileReference section */
		08BEAE0E28E0424A002F5FC5 /* rejestr-osobowy.app */ = {isa = PBXFileReference; explicitFileType = wrapper.application; includeInIndex = 0; path = "rejestr-osobowy.app"; sourceTree = BUILT_PRODUCTS_DIR; };
		08BEAE1128E0424A002F5FC5 /* AppDelegate.swift */ = {isa = PBXFileReference; lastKnownFileType = sourcecode.swift; path = AppDelegate.swift; sourceTree = "<group>"; };
		08BEAE1328E0424A002F5FC5 /* SceneDelegate.swift */ = {isa = PBXFileReference; lastKnownFileType = sourcecode.swift; path = SceneDelegate.swift; sourceTree = "<group>"; };
		08BEAE1528E0424A002F5FC5 /* ViewController.swift */ = {isa = PBXFileReference; lastKnownFileType = sourcecode.swift; path = ViewController.swift; sourceTree = "<group>"; };
		08BEAE1828E0424A002F5FC5 /* Base */ = {isa = PBXFileReference; lastKnownFileType = file.storyboard; name = Base; path = Base.lproj/Main.storyboard; sourceTree = "<group>"; };
		08BEAE1B28E0424A002F5FC5 /* rejestr_osobowy.xcdatamodel */ = {isa = PBXFileReference; lastKnownFileType = wrapper.xcdatamodel; path = rejestr_osobowy.xcdatamodel; sourceTree = "<group>"; };
		08BEAE1D28E0424B002F5FC5 /* Assets.xcassets */ = {isa = PBXFileReference; lastKnownFileType = folder.assetcatalog; path = Assets.xcassets; sourceTree = "<group>"; };
		08BEAE2028E0424B002F5FC5 /* Base */ = {isa = PBXFileReference; lastKnownFileType = file.storyboard; name = Base; path = Base.lproj/LaunchScreen.storyboard; sourceTree = "<group>"; };
		08BEAE2228E0424B002F5FC5 /* Info.plist */ = {isa = PBXFileReference; lastKnownFileType = text.plist.xml; path = Info.plist; sourceTree = "<group>"; };
		08BEAE2828E065C0002F5FC5 /* PersonDataView.swift */ = {isa = PBXFileReference; lastKnownFileType = sourcecode.swift; path = PersonDataView.swift; sourceTree = "<group>"; };
		08DC39BC28E5833E003B5252 /* Extansion.swift */ = {isa = PBXFileReference; lastKnownFileType = sourcecode.swift; path = Extansion.swift; sourceTree = "<group>"; };
		08DC39BE28E586C4003B5252 /* MessageAlert.swift */ = {isa = PBXFileReference; lastKnownFileType = sourcecode.swift; path = MessageAlert.swift; sourceTree = "<group>"; };
		08DC39C028E589AC003B5252 /* DatabaseManagement.swift */ = {isa = PBXFileReference; lastKnownFileType = sourcecode.swift; path = DatabaseManagement.swift; sourceTree = "<group>"; };
		08DC39C228E6CFC2003B5252 /* PersonViewCell.swift */ = {isa = PBXFileReference; lastKnownFileType = sourcecode.swift; path = PersonViewCell.swift; sourceTree = "<group>"; };
/* End PBXFileReference section */

/* Begin PBXFrameworksBuildPhase section */
		08BEAE0B28E0424A002F5FC5 /* Frameworks */ = {
			isa = PBXFrameworksBuildPhase;
			buildActionMask = 2147483647;
			files = (
			);
			runOnlyForDeploymentPostprocessing = 0;
		};
/* End PBXFrameworksBuildPhase section */

/* Begin PBXGroup section */
		08BEAE0528E0424A002F5FC5 = {
			isa = PBXGroup;
			children = (
				08BEAE1028E0424A002F5FC5 /* rejestr-osobowy */,
				08BEAE0F28E0424A002F5FC5 /* Products */,
			);
			sourceTree = "<group>";
		};
		08BEAE0F28E0424A002F5FC5 /* Products */ = {
			isa = PBXGroup;
			children = (
				08BEAE0E28E0424A002F5FC5 /* rejestr-osobowy.app */,
			);
			name = Products;
			sourceTree = "<group>";
		};
		08BEAE1028E0424A002F5FC5 /* rejestr-osobowy */ = {
			isa = PBXGroup;
			children = (
				08BEAE1128E0424A002F5FC5 /* AppDelegate.swift */,
				08BEAE1328E0424A002F5FC5 /* SceneDelegate.swift */,
				08BEAE1528E0424A002F5FC5 /* ViewController.swift */,
				08BEAE2828E065C0002F5FC5 /* PersonDataView.swift */,
				08BEAE1728E0424A002F5FC5 /* Main.storyboard */,
				08DC39C228E6CFC2003B5252 /* PersonViewCell.swift */,
				08DC39BC28E5833E003B5252 /* Extansion.swift */,
				08DC39BE28E586C4003B5252 /* MessageAlert.swift */,
				08DC39C028E589AC003B5252 /* DatabaseManagement.swift */,
				08BEAE1D28E0424B002F5FC5 /* Assets.xcassets */,
				08BEAE1F28E0424B002F5FC5 /* LaunchScreen.storyboard */,
				08BEAE2228E0424B002F5FC5 /* Info.plist */,
				08BEAE1A28E0424A002F5FC5 /* rejestr_osobowy.xcdatamodeld */,
			);
			path = "rejestr-osobowy";
			sourceTree = "<group>";
		};
/* End PBXGroup section */

/* Begin PBXNativeTarget section */
		08BEAE0D28E0424A002F5FC5 /* rejestr-osobowy */ = {
			isa = PBXNativeTarget;
			buildConfigurationList = 08BEAE2528E0424B002F5FC5 /* Build configuration list for PBXNativeTarget "rejestr-osobowy" */;
			buildPhases = (
				08BEAE0A28E0424A002F5FC5 /* Sources */,
				08BEAE0B28E0424A002F5FC5 /* Frameworks */,
				08BEAE0C28E0424A002F5FC5 /* Resources */,
			);
			buildRules = (
			);
			dependencies = (
			);
			name = "rejestr-osobowy";
			productName = "rejestr-osobowy";
			productReference = 08BEAE0E28E0424A002F5FC5 /* rejestr-osobowy.app */;
			productType = "com.apple.product-type.application";
		};
/* End PBXNativeTarget section */

/* Begin PBXProject section */
		08BEAE0628E0424A002F5FC5 /* Project object */ = {
			isa = PBXProject;
			attributes = {
				BuildIndependentTargetsInParallel = 1;
				LastSwiftUpdateCheck = 1400;
				LastUpgradeCheck = 1400;
				TargetAttributes = {
					08BEAE0D28E0424A002F5FC5 = {
						CreatedOnToolsVersion = 14.0;
					};
				};
			};
			buildConfigurationList = 08BEAE0928E0424A002F5FC5 /* Build configuration list for PBXProject "rejestr-osobowy" */;
			compatibilityVersion = "Xcode 14.0";
			developmentRegion = en;
			hasScannedForEncodings = 0;
			knownRegions = (
				en,
				Base,
			);
			mainGroup = 08BEAE0528E0424A002F5FC5;
			productRefGroup = 08BEAE0F28E0424A002F5FC5 /* Products */;
			projectDirPath = "";
			projectRoot = "";
			targets = (
				08BEAE0D28E0424A002F5FC5 /* rejestr-osobowy */,
			);
		};
/* End PBXProject section */

/* Begin PBXResourcesBuildPhase section */
		08BEAE0C28E0424A002F5FC5 /* Resources */ = {
			isa = PBXResourcesBuildPhase;
			buildActionMask = 2147483647;
			files = (
				08BEAE2128E0424B002F5FC5 /* LaunchScreen.storyboard in Resources */,
				08BEAE1E28E0424B002F5FC5 /* Assets.xcassets in Resources */,
				08BEAE1928E0424A002F5FC5 /* Main.storyboard in Resources */,
			);
			runOnlyForDeploymentPostprocessing = 0;
		};
/* End PBXResourcesBuildPhase section */

/* Begin PBXSourcesBuildPhase section */
		08BEAE0A28E0424A002F5FC5 /* Sources */ = {
			isa = PBXSourcesBuildPhase;
			buildActionMask = 2147483647;
			files = (
				08DC39BF28E586C4003B5252 /* MessageAlert.swift in Sources */,
				08BEAE1C28E0424A002F5FC5 /* rejestr_osobowy.xcdatamodeld in Sources */,
				08DC39C328E6CFC2003B5252 /* PersonViewCell.swift in Sources */,
				08BEAE2928E065C0002F5FC5 /* PersonDataView.swift in Sources */,
				08BEAE1628E0424A002F5FC5 /* ViewController.swift in Sources */,
				08DC39BD28E5833E003B5252 /* Extansion.swift in Sources */,
				08DC39C128E589AC003B5252 /* DatabaseManagement.swift in Sources */,
				08BEAE1228E0424A002F5FC5 /* AppDelegate.swift in Sources */,
				08BEAE1428E0424A002F5FC5 /* SceneDelegate.swift in Sources */,
			);
			runOnlyForDeploymentPostprocessing = 0;
		};
/* End PBXSourcesBuildPhase section */

/* Begin PBXVariantGroup section */
		08BEAE1728E0424A002F5FC5 /* Main.storyboard */ = {
			isa = PBXVariantGroup;
			children = (
				08BEAE1828E0424A002F5FC5 /* Base */,
			);
			name = Main.storyboard;
			sourceTree = "<group>";
		};
		08BEAE1F28E0424B002F5FC5 /* LaunchScreen.storyboard */ = {
			isa = PBXVariantGroup;
			children = (
				08BEAE2028E0424B002F5FC5 /* Base */,
			);
			name = LaunchScreen.storyboard;
			sourceTree = "<group>";
		};
/* End PBXVariantGroup section */

/* Begin XCBuildConfiguration section */
		08BEAE2328E0424B002F5FC5 /* Debug */ = {
			isa = XCBuildConfiguration;
			buildSettings = {
				ALWAYS_SEARCH_USER_PATHS = NO;
				CLANG_ANALYZER_NONNULL = YES;
				CLANG_ANALYZER_NUMBER_OBJECT_CONVERSION = YES_AGGRESSIVE;
				CLANG_CXX_LANGUAGE_STANDARD = "gnu++20";
				CLANG_ENABLE_MODULES = YES;
				CLANG_ENABLE_OBJC_ARC = YES;
				CLANG_ENABLE_OBJC_WEAK = YES;
				CLANG_WARN_BLOCK_CAPTURE_AUTORELEASING = YES;
				CLANG_WARN_BOOL_CONVERSION = YES;
				CLANG_WARN_COMMA = YES;
				CLANG_WARN_CONSTANT_CONVERSION = YES;
				CLANG_WARN_DEPRECATED_OBJC_IMPLEMENTATIONS = YES;
				CLANG_WARN_DIRECT_OBJC_ISA_USAGE = YES_ERROR;
				CLANG_WARN_DOCUMENTATION_COMMENTS = YES;
				CLANG_WARN_EMPTY_BODY = YES;
				CLANG_WARN_ENUM_CONVERSION = YES;
				CLANG_WARN_INFINITE_RECURSION = YES;
				CLANG_WARN_INT_CONVERSION = YES;
				CLANG_WARN_NON_LITERAL_NULL_CONVERSION = YES;
				CLANG_WARN_OBJC_IMPLICIT_RETAIN_SELF = YES;
				CLANG_WARN_OBJC_LITERAL_CONVERSION = YES;
				CLANG_WARN_OBJC_ROOT_CLASS = YES_ERROR;
				CLANG_WARN_QUOTED_INCLUDE_IN_FRAMEWORK_HEADER = YES;
				CLANG_WARN_RANGE_LOOP_ANALYSIS = YES;
				CLANG_WARN_STRICT_PROTOTYPES = YES;
				CLANG_WARN_SUSPICIOUS_MOVE = YES;
				CLANG_WARN_UNGUARDED_AVAILABILITY = YES_AGGRESSIVE;
				CLANG_WARN_UNREACHABLE_CODE = YES;
				CLANG_WARN__DUPLICATE_METHOD_MATCH = YES;
				COPY_PHASE_STRIP = NO;
				DEBUG_INFORMATION_FORMAT = dwarf;
				ENABLE_STRICT_OBJC_MSGSEND = YES;
				ENABLE_TESTABILITY = YES;
				GCC_C_LANGUAGE_STANDARD = gnu11;
				GCC_DYNAMIC_NO_PIC = NO;
				GCC_NO_COMMON_BLOCKS = YES;
				GCC_OPTIMIZATION_LEVEL = 0;
				GCC_PREPROCESSOR_DEFINITIONS = (
					"DEBUG=1",
					"$(inherited)",
				);
				GCC_WARN_64_TO_32_BIT_CONVERSION = YES;
				GCC_WARN_ABOUT_RETURN_TYPE = YES_ERROR;
				GCC_WARN_UNDECLARED_SELECTOR = YES;
				GCC_WARN_UNINITIALIZED_AUTOS = YES_AGGRESSIVE;
				GCC_WARN_UNUSED_FUNCTION = YES;
				GCC_WARN_UNUSED_VARIABLE = YES;
				IPHONEOS_DEPLOYMENT_TARGET = 16.0;
				MTL_ENABLE_DEBUG_INFO = INCLUDE_SOURCE;
				MTL_FAST_MATH = YES;
				ONLY_ACTIVE_ARCH = YES;
				SDKROOT = iphoneos;
				SWIFT_ACTIVE_COMPILATION_CONDITIONS = DEBUG;
				SWIFT_OPTIMIZATION_LEVEL = "-Onone";
			};
			name = Debug;
		};
		08BEAE2428E0424B002F5FC5 /* Release */ = {
			isa = XCBuildConfiguration;
			buildSettings = {
				ALWAYS_SEARCH_USER_PATHS = NO;
				CLANG_ANALYZER_NONNULL = YES;
				CLANG_ANALYZER_NUMBER_OBJECT_CONVERSION = YES_AGGRESSIVE;
				CLANG_CXX_LANGUAGE_STANDARD = "gnu++20";
				CLANG_ENABLE_MODULES = YES;
				CLANG_ENABLE_OBJC_ARC = YES;
				CLANG_ENABLE_OBJC_WEAK = YES;
				CLANG_WARN_BLOCK_CAPTURE_AUTORELEASING = YES;
				CLANG_WARN_BOOL_CONVERSION = YES;
				CLANG_WARN_COMMA = YES;
				CLANG_WARN_CONSTANT_CONVERSION = YES;
				CLANG_WARN_DEPRECATED_OBJC_IMPLEMENTATIONS = YES;
				CLANG_WARN_DIRECT_OBJC_ISA_USAGE = YES_ERROR;
				CLANG_WARN_DOCUMENTATION_COMMENTS = YES;
				CLANG_WARN_EMPTY_BODY = YES;
				CLANG_WARN_ENUM_CONVERSION = YES;
				CLANG_WARN_INFINITE_RECURSION = YES;
				CLANG_WARN_INT_CONVERSION = YES;
				CLANG_WARN_NON_LITERAL_NULL_CONVERSION = YES;
				CLANG_WARN_OBJC_IMPLICIT_RETAIN_SELF = YES;
				CLANG_WARN_OBJC_LITERAL_CONVERSION = YES;
				CLANG_WARN_OBJC_ROOT_CLASS = YES_ERROR;
				CLANG_WARN_QUOTED_INCLUDE_IN_FRAMEWORK_HEADER = YES;
				CLANG_WARN_RANGE_LOOP_ANALYSIS = YES;
				CLANG_WARN_STRICT_PROTOTYPES = YES;
				CLANG_WARN_SUSPICIOUS_MOVE = YES;
				CLANG_WARN_UNGUARDED_AVAILABILITY = YES_AGGRESSIVE;
				CLANG_WARN_UNREACHABLE_CODE = YES;
				CLANG_WARN__DUPLICATE_METHOD_MATCH = YES;
				COPY_PHASE_STRIP = NO;
				DEBUG_INFORMATION_FORMAT = "dwarf-with-dsym";
				ENABLE_NS_ASSERTIONS = NO;
				ENABLE_STRICT_OBJC_MSGSEND = YES;
				GCC_C_LANGUAGE_STANDARD = gnu11;
				GCC_NO_COMMON_BLOCKS = YES;
				GCC_WARN_64_TO_32_BIT_CONVERSION = YES;
				GCC_WARN_ABOUT_RETURN_TYPE = YES_ERROR;
				GCC_WARN_UNDECLARED_SELECTOR = YES;
				GCC_WARN_UNINITIALIZED_AUTOS = YES_AGGRESSIVE;
				GCC_WARN_UNUSED_FUNCTION = YES;
				GCC_WARN_UNUSED_VARIABLE = YES;
				IPHONEOS_DEPLOYMENT_TARGET = 16.0;
				MTL_ENABLE_DEBUG_INFO = NO;
				MTL_FAST_MATH = YES;
				SDKROOT = iphoneos;
				SWIFT_COMPILATION_MODE = wholemodule;
				SWIFT_OPTIMIZATION_LEVEL = "-O";
				VALIDATE_PRODUCT = YES;
			};
			name = Release;
		};
		08BEAE2628E0424B002F5FC5 /* Debug */ = {
			isa = XCBuildConfiguration;
			buildSettings = {
				ASSETCATALOG_COMPILER_APPICON_NAME = AppIcon;
				ASSETCATALOG_COMPILER_GLOBAL_ACCENT_COLOR_NAME = AccentColor;
				CODE_SIGN_STYLE = Automatic;
				CURRENT_PROJECT_VERSION = 1;
				DEVELOPMENT_TEAM = BN8865DEPV;
				GENERATE_INFOPLIST_FILE = YES;
				INFOPLIST_FILE = "rejestr-osobowy/Info.plist";
				INFOPLIST_KEY_UIApplicationSupportsIndirectInputEvents = YES;
				INFOPLIST_KEY_UILaunchStoryboardName = LaunchScreen;
				INFOPLIST_KEY_UIMainStoryboardFile = Main;
				INFOPLIST_KEY_UISupportedInterfaceOrientations_iPad = "UIInterfaceOrientationPortrait UIInterfaceOrientationPortraitUpsideDown UIInterfaceOrientationLandscapeLeft UIInterfaceOrientationLandscapeRight";
				INFOPLIST_KEY_UISupportedInterfaceOrientations_iPhone = "UIInterfaceOrientationPortrait UIInterfaceOrientationLandscapeLeft UIInterfaceOrientationLandscapeRight";
				LD_RUNPATH_SEARCH_PATHS = (
					"$(inherited)",
					"@executable_path/Frameworks",
				);
				MARKETING_VERSION = 1.0;
				PRODUCT_BUNDLE_IDENTIFIER = "piotrzakieta.rejestr-osobowy";
				PRODUCT_NAME = "$(TARGET_NAME)";
				SUPPORTED_PLATFORMS = "iphoneos iphonesimulator";
				SUPPORTS_MACCATALYST = NO;
				SUPPORTS_MAC_DESIGNED_FOR_IPHONE_IPAD = NO;
				SWIFT_EMIT_LOC_STRINGS = YES;
				SWIFT_VERSION = 5.0;
				TARGETED_DEVICE_FAMILY = 1;
			};
			name = Debug;
		};
		08BEAE2728E0424B002F5FC5 /* Release */ = {
			isa = XCBuildConfiguration;
			buildSettings = {
				ASSETCATALOG_COMPILER_APPICON_NAME = AppIcon;
				ASSETCATALOG_COMPILER_GLOBAL_ACCENT_COLOR_NAME = AccentColor;
				CODE_SIGN_STYLE = Automatic;
				CURRENT_PROJECT_VERSION = 1;
				DEVELOPMENT_TEAM = BN8865DEPV;
				GENERATE_INFOPLIST_FILE = YES;
				INFOPLIST_FILE = "rejestr-osobowy/Info.plist";
				INFOPLIST_KEY_UIApplicationSupportsIndirectInputEvents = YES;
				INFOPLIST_KEY_UILaunchStoryboardName = LaunchScreen;
				INFOPLIST_KEY_UIMainStoryboardFile = Main;
				INFOPLIST_KEY_UISupportedInterfaceOrientations_iPad = "UIInterfaceOrientationPortrait UIInterfaceOrientationPortraitUpsideDown UIInterfaceOrientationLandscapeLeft UIInterfaceOrientationLandscapeRight";
				INFOPLIST_KEY_UISupportedInterfaceOrientations_iPhone = "UIInterfaceOrientationPortrait UIInterfaceOrientationLandscapeLeft UIInterfaceOrientationLandscapeRight";
				LD_RUNPATH_SEARCH_PATHS = (
					"$(inherited)",
					"@executable_path/Frameworks",
				);
				MARKETING_VERSION = 1.0;
				PRODUCT_BUNDLE_IDENTIFIER = "piotrzakieta.rejestr-osobowy";
				PRODUCT_NAME = "$(TARGET_NAME)";
				SUPPORTED_PLATFORMS = "iphoneos iphonesimulator";
				SUPPORTS_MACCATALYST = NO;
				SUPPORTS_MAC_DESIGNED_FOR_IPHONE_IPAD = NO;
				SWIFT_EMIT_LOC_STRINGS = YES;
				SWIFT_VERSION = 5.0;
				TARGETED_DEVICE_FAMILY = 1;
			};
			name = Release;
		};
/* End XCBuildConfiguration section */

/* Begin XCConfigurationList section */
		08BEAE0928E0424A002F5FC5 /* Build configuration list for PBXProject "rejestr-osobowy" */ = {
			isa = XCConfigurationList;
			buildConfigurations = (
				08BEAE2328E0424B002F5FC5 /* Debug */,
				08BEAE2428E0424B002F5FC5 /* Release */,
			);
			defaultConfigurationIsVisible = 0;
			defaultConfigurationName = Release;
		};
		08BEAE2528E0424B002F5FC5 /* Build configuration list for PBXNativeTarget "rejestr-osobowy" */ = {
			isa = XCConfigurationList;
			buildConfigurations = (
				08BEAE2628E0424B002F5FC5 /* Debug */,
				08BEAE2728E0424B002F5FC5 /* Release */,
			);
			defaultConfigurationIsVisible = 0;
			defaultConfigurationName = Release;
		};
/* End XCConfigurationList section */

/* Begin XCVersionGroup section */
		08BEAE1A28E0424A002F5FC5 /* rejestr_osobowy.xcdatamodeld */ = {
			isa = XCVersionGroup;
			children = (
				08BEAE1B28E0424A002F5FC5 /* rejestr_osobowy.xcdatamodel */,
			);
			currentVersion = 08BEAE1B28E0424A002F5FC5 /* rejestr_osobowy.xcdatamodel */;
			path = rejestr_osobowy.xcdatamodeld;
			sourceTree = "<group>";
			versionGroupType = wrapper.xcdatamodel;
		};
/* End XCVersionGroup section */
	};
	rootObject = 08BEAE0628E0424A002F5FC5 /* Project object */;
}
